
Microsoft Visual Studio Solution File, Format Version 12.00
# Visual Studio 2013
VisualStudioVersion = 12.0.40629.0
MinimumVisualStudioVersion = 10.0.40219.1
Project("{2150E333-8FDC-42A3-9474-1A3956D46DE8}") = "2 - Application", "2 - Application", "{21D066E1-C959-4CEA-A1A0-A13609487527}"
EndProject
Project("{2150E333-8FDC-42A3-9474-1A3956D46DE8}") = "3 - Domain", "3 - Domain", "{B2C98469-0D35-48B9-8990-3A180C26A6D5}"
EndProject
Project("{2150E333-8FDC-42A3-9474-1A3956D46DE8}") = "4 - Infra", "4 - Infra", "{250B5E60-B2FA-4AB8-9259-CE038B3B7B92}"
EndProject
Project("{2150E333-8FDC-42A3-9474-1A3956D46DE8}") = "4.1 - Data", "4.1 - Data", "{5734AE02-B8B1-4E72-B0F0-6778C57FCA6F}"
EndProject
Project("{2150E333-8FDC-42A3-9474-1A3956D46DE8}") = "4.2 - CrossCutting", "4.2 - CrossCutting", "{B8FC5C29-7520-43CE-AEFC-6A6A64D14962}"
EndProject
Project("{2150E333-8FDC-42A3-9474-1A3956D46DE8}") = ".nuget", ".nuget", "{5FF93F1E-E2CB-4113-9609-277A5E12C01A}"
	ProjectSection(SolutionItems) = preProject
		.nuget\NuGet.Config = .nuget\NuGet.Config
		.nuget\NuGet.exe = .nuget\NuGet.exe
		.nuget\NuGet.targets = .nuget\NuGet.targets
	EndProjectSection
EndProject
Project("{FAE04EC0-301F-11D3-BF4B-00C04F79EFBC}") = "WCF_IOC.Application", "WCF_IOC.Application\WCF_IOC.Application.csproj", "{3E4CFB46-2019-4258-8953-6FD20A8A8ABA}"
EndProject
Project("{FAE04EC0-301F-11D3-BF4B-00C04F79EFBC}") = "WCF_IOC.Application.Test", "WCF_IOC.Application.Test\WCF_IOC.Application.Test.csproj", "{5EAAC515-42C1-434A-9DE2-CD2DBCDC293D}"
EndProject
Project("{FAE04EC0-301F-11D3-BF4B-00C04F79EFBC}") = "WCF_IOC.Domain", "WCF_IOC.Domain\WCF_IOC.Domain.csproj", "{804DAD6E-591B-4554-8D75-7F8D0A6EBF5B}"
EndProject
Project("{FAE04EC0-301F-11D3-BF4B-00C04F79EFBC}") = "WCF_IOC.Infra.Data", "WCF_IOC.Infra.Data\WCF_IOC.Infra.Data.csproj", "{D8707B49-CE61-4796-BEE8-7AC13172906F}"
EndProject
Project("{FAE04EC0-301F-11D3-BF4B-00C04F79EFBC}") = "WCF_IOC.Infra.Data.Test", "WCF_IOC.Infra.Data.Test\WCF_IOC.Infra.Data.Test.csproj", "{A1887AF6-F25A-4330-847C-0BADA19B4E8B}"
EndProject
Project("{FAE04EC0-301F-11D3-BF4B-00C04F79EFBC}") = "WCF_IOC.Infra.CrossCutting.IoC", "WCF_IOC.Infra.CrossCutting.IoC\WCF_IOC.Infra.CrossCutting.IoC.csproj", "{D9A21FF9-AD3D-4473-84A5-20655A0E2BAD}"
EndProject
Project("{2150E333-8FDC-42A3-9474-1A3956D46DE8}") = "1 - Services", "1 - Services", "{9CEC400E-95EA-40A5-A756-180E89FEDEFF}"
EndProject
Project("{FAE04EC0-301F-11D3-BF4B-00C04F79EFBC}") = "WCF_IOC.Services", "WCF_IOC.Services\WCF_IOC.Services.csproj", "{37567808-554E-431A-9E98-FC001452C7C6}"
EndProject
Project("{FAE04EC0-301F-11D3-BF4B-00C04F79EFBC}") = "WCF_IOC.Infra.CrossCutting.Common", "WCF_IOC.Infra.CrossCutting.Common\WCF_IOC.Infra.CrossCutting.Common.csproj", "{B5435140-E6E5-4C14-9F6E-31EEFC12728B}"
EndProject
Project("{FAE04EC0-301F-11D3-BF4B-00C04F79EFBC}") = "WCF_IOC.Services.Test", "WCF_IOC.Services.Test\WCF_IOC.Services.Test.csproj", "{E2F631C6-5F75-4AC3-8A45-08D0F5AD585F}"
	ProjectSection(ProjectDependencies) = postProject
		{759FF631-DDA2-4E9B-8478-2F56851EAE56} = {759FF631-DDA2-4E9B-8478-2F56851EAE56}
	EndProjectSection
EndProject
Project("{FAE04EC0-301F-11D3-BF4B-00C04F79EFBC}") = "WCF_IOC.ServiceHost", "WCF_IOC.ServiceHost\WCF_IOC.ServiceHost.csproj", "{759FF631-DDA2-4E9B-8478-2F56851EAE56}"
EndProject
Global
	GlobalSection(SubversionScc) = preSolution
		Svn-Managed = True
		Manager = AnkhSVN - Subversion Support for Visual Studio
	EndGlobalSection
	GlobalSection(SolutionConfigurationPlatforms) = preSolution
		Debug|Any CPU = Debug|Any CPU
		Release|Any CPU = Release|Any CPU
	EndGlobalSection
	GlobalSection(ProjectConfigurationPlatforms) = postSolution
		{3E4CFB46-2019-4258-8953-6FD20A8A8ABA}.Debug|Any CPU.ActiveCfg = Debug|Any CPU
		{3E4CFB46-2019-4258-8953-6FD20A8A8ABA}.Debug|Any CPU.Build.0 = Debug|Any CPU
		{3E4CFB46-2019-4258-8953-6FD20A8A8ABA}.Release|Any CPU.ActiveCfg = Release|Any CPU
		{3E4CFB46-2019-4258-8953-6FD20A8A8ABA}.Release|Any CPU.Build.0 = Release|Any CPU
		{5EAAC515-42C1-434A-9DE2-CD2DBCDC293D}.Debug|Any CPU.ActiveCfg = Debug|Any CPU
		{5EAAC515-42C1-434A-9DE2-CD2DBCDC293D}.Debug|Any CPU.Build.0 = Debug|Any CPU
		{5EAAC515-42C1-434A-9DE2-CD2DBCDC293D}.Release|Any CPU.ActiveCfg = Release|Any CPU
		{5EAAC515-42C1-434A-9DE2-CD2DBCDC293D}.Release|Any CPU.Build.0 = Release|Any CPU
		{804DAD6E-591B-4554-8D75-7F8D0A6EBF5B}.Debug|Any CPU.ActiveCfg = Debug|Any CPU
		{804DAD6E-591B-4554-8D75-7F8D0A6EBF5B}.Debug|Any CPU.Build.0 = Debug|Any CPU
		{804DAD6E-591B-4554-8D75-7F8D0A6EBF5B}.Release|Any CPU.ActiveCfg = Release|Any CPU
		{804DAD6E-591B-4554-8D75-7F8D0A6EBF5B}.Release|Any CPU.Build.0 = Release|Any CPU
		{D8707B49-CE61-4796-BEE8-7AC13172906F}.Debug|Any CPU.ActiveCfg = Debug|Any CPU
		{D8707B49-CE61-4796-BEE8-7AC13172906F}.Debug|Any CPU.Build.0 = Debug|Any CPU
		{D8707B49-CE61-4796-BEE8-7AC13172906F}.Release|Any CPU.ActiveCfg = Release|Any CPU
		{D8707B49-CE61-4796-BEE8-7AC13172906F}.Release|Any CPU.Build.0 = Release|Any CPU
		{A1887AF6-F25A-4330-847C-0BADA19B4E8B}.Debug|Any CPU.ActiveCfg = Debug|Any CPU
		{A1887AF6-F25A-4330-847C-0BADA19B4E8B}.Debug|Any CPU.Build.0 = Debug|Any CPU
		{A1887AF6-F25A-4330-847C-0BADA19B4E8B}.Release|Any CPU.ActiveCfg = Release|Any CPU
		{A1887AF6-F25A-4330-847C-0BADA19B4E8B}.Release|Any CPU.Build.0 = Release|Any CPU
		{D9A21FF9-AD3D-4473-84A5-20655A0E2BAD}.Debug|Any CPU.ActiveCfg = Debug|Any CPU
		{D9A21FF9-AD3D-4473-84A5-20655A0E2BAD}.Debug|Any CPU.Build.0 = Debug|Any CPU
		{D9A21FF9-AD3D-4473-84A5-20655A0E2BAD}.Release|Any CPU.ActiveCfg = Release|Any CPU
		{D9A21FF9-AD3D-4473-84A5-20655A0E2BAD}.Release|Any CPU.Build.0 = Release|Any CPU
		{37567808-554E-431A-9E98-FC001452C7C6}.Debug|Any CPU.ActiveCfg = Debug|Any CPU
		{37567808-554E-431A-9E98-FC001452C7C6}.Debug|Any CPU.Build.0 = Debug|Any CPU
		{37567808-554E-431A-9E98-FC001452C7C6}.Release|Any CPU.ActiveCfg = Release|Any CPU
		{37567808-554E-431A-9E98-FC001452C7C6}.Release|Any CPU.Build.0 = Release|Any CPU
		{B5435140-E6E5-4C14-9F6E-31EEFC12728B}.Debug|Any CPU.ActiveCfg = Debug|Any CPU
		{B5435140-E6E5-4C14-9F6E-31EEFC12728B}.Debug|Any CPU.Build.0 = Debug|Any CPU
		{B5435140-E6E5-4C14-9F6E-31EEFC12728B}.Release|Any CPU.ActiveCfg = Release|Any CPU
		{B5435140-E6E5-4C14-9F6E-31EEFC12728B}.Release|Any CPU.Build.0 = Release|Any CPU
		{E2F631C6-5F75-4AC3-8A45-08D0F5AD585F}.Debug|Any CPU.ActiveCfg = Debug|Any CPU
		{E2F631C6-5F75-4AC3-8A45-08D0F5AD585F}.Debug|Any CPU.Build.0 = Debug|Any CPU
		{E2F631C6-5F75-4AC3-8A45-08D0F5AD585F}.Release|Any CPU.ActiveCfg = Release|Any CPU
		{E2F631C6-5F75-4AC3-8A45-08D0F5AD585F}.Release|Any CPU.Build.0 = Release|Any CPU
		{759FF631-DDA2-4E9B-8478-2F56851EAE56}.Debug|Any CPU.ActiveCfg = Debug|Any CPU
		{759FF631-DDA2-4E9B-8478-2F56851EAE56}.Debug|Any CPU.Build.0 = Debug|Any CPU
		{759FF631-DDA2-4E9B-8478-2F56851EAE56}.Release|Any CPU.ActiveCfg = Release|Any CPU
		{759FF631-DDA2-4E9B-8478-2F56851EAE56}.Release|Any CPU.Build.0 = Release|Any CPU
	EndGlobalSection
	GlobalSection(SolutionProperties) = preSolution
		HideSolutionNode = FALSE
	EndGlobalSection
	GlobalSection(NestedProjects) = preSolution
		{5734AE02-B8B1-4E72-B0F0-6778C57FCA6F} = {250B5E60-B2FA-4AB8-9259-CE038B3B7B92}
		{B8FC5C29-7520-43CE-AEFC-6A6A64D14962} = {250B5E60-B2FA-4AB8-9259-CE038B3B7B92}
		{3E4CFB46-2019-4258-8953-6FD20A8A8ABA} = {21D066E1-C959-4CEA-A1A0-A13609487527}
		{5EAAC515-42C1-434A-9DE2-CD2DBCDC293D} = {21D066E1-C959-4CEA-A1A0-A13609487527}
		{804DAD6E-591B-4554-8D75-7F8D0A6EBF5B} = {B2C98469-0D35-48B9-8990-3A180C26A6D5}
		{D8707B49-CE61-4796-BEE8-7AC13172906F} = {5734AE02-B8B1-4E72-B0F0-6778C57FCA6F}
		{A1887AF6-F25A-4330-847C-0BADA19B4E8B} = {5734AE02-B8B1-4E72-B0F0-6778C57FCA6F}
		{D9A21FF9-AD3D-4473-84A5-20655A0E2BAD} = {B8FC5C29-7520-43CE-AEFC-6A6A64D14962}
		{37567808-554E-431A-9E98-FC001452C7C6} = {9CEC400E-95EA-40A5-A756-180E89FEDEFF}
		{B5435140-E6E5-4C14-9F6E-31EEFC12728B} = {B8FC5C29-7520-43CE-AEFC-6A6A64D14962}
		{E2F631C6-5F75-4AC3-8A45-08D0F5AD585F} = {9CEC400E-95EA-40A5-A756-180E89FEDEFF}
		{759FF631-DDA2-4E9B-8478-2F56851EAE56} = {9CEC400E-95EA-40A5-A756-180E89FEDEFF}
	EndGlobalSection
EndGlobal
